// !$*UTF8*$!
{
	archiveVersion = 1;
	classes = {
	};
	objectVersion = 46;
	objects = {

/* Begin PBXBuildFile section */
		4905B8CA1CC2CC31006E5633 /* PlaySoundsViewController.swift in Sources */ = {isa = PBXBuildFile; fileRef = 4905B8C91CC2CC31006E5633 /* PlaySoundsViewController.swift */; };
		4938C1061CCFF4960083870E /* PlaySoundsViewController+Audio.swift in Sources */ = {isa = PBXBuildFile; fileRef = 4938C1051CCFF4960083870E /* PlaySoundsViewController+Audio.swift */; };
		49FF43C71CB1B22500A16BA0 /* AppDelegate.swift in Sources */ = {isa = PBXBuildFile; fileRef = 49FF43C61CB1B22500A16BA0 /* AppDelegate.swift */; };
		49FF43C91CB1B22500A16BA0 /* RecordSoundsViewController.swift in Sources */ = {isa = PBXBuildFile; fileRef = 49FF43C81CB1B22500A16BA0 /* RecordSoundsViewController.swift */; };
		49FF43CC1CB1B22500A16BA0 /* Main.storyboard in Resources */ = {isa = PBXBuildFile; fileRef = 49FF43CA1CB1B22500A16BA0 /* Main.storyboard */; };
		49FF43CE1CB1B22500A16BA0 /* Assets.xcassets in Resources */ = {isa = PBXBuildFile; fileRef = 49FF43CD1CB1B22500A16BA0 /* Assets.xcassets */; };
		49FF43D11CB1B22500A16BA0 /* LaunchScreen.storyboard in Resources */ = {isa = PBXBuildFile; fileRef = 49FF43CF1CB1B22500A16BA0 /* LaunchScreen.storyboard */; };
		49FF43DC1CB1B22500A16BA0 /* Pitch_PerfectTests.swift in Sources */ = {isa = PBXBuildFile; fileRef = 49FF43DB1CB1B22500A16BA0 /* Pitch_PerfectTests.swift */; };
		49FF43E71CB1B22500A16BA0 /* Pitch_PerfectUITests.swift in Sources */ = {isa = PBXBuildFile; fileRef = 49FF43E61CB1B22500A16BA0 /* Pitch_PerfectUITests.swift */; };
/* End PBXBuildFile section */

/* Begin PBXContainerItemProxy section */
		49FF43D81CB1B22500A16BA0 /* PBXContainerItemProxy */ = {
			isa = PBXContainerItemProxy;
			containerPortal = 49FF43BB1CB1B22500A16BA0 /* Project object */;
			proxyType = 1;
			remoteGlobalIDString = 49FF43C21CB1B22500A16BA0;
			remoteInfo = "Pitch Perfect";
		};
		49FF43E31CB1B22500A16BA0 /* PBXContainerItemProxy */ = {
			isa = PBXContainerItemProxy;
			containerPortal = 49FF43BB1CB1B22500A16BA0 /* Project object */;
			proxyType = 1;
			remoteGlobalIDString = 49FF43C21CB1B22500A16BA0;
			remoteInfo = "Pitch Perfect";
		};
/* End PBXContainerItemProxy section */

/* Begin PBXFileReference section */
		4905B8C91CC2CC31006E5633 /* PlaySoundsViewController.swift */ = {isa = PBXFileReference; fileEncoding = 4; lastKnownFileType = sourcecode.swift; path = PlaySoundsViewController.swift; sourceTree = "<group>"; };
		4938C1051CCFF4960083870E /* PlaySoundsViewController+Audio.swift */ = {isa = PBXFileReference; fileEncoding = 4; lastKnownFileType = sourcecode.swift; path = "PlaySoundsViewController+Audio.swift"; sourceTree = "<group>"; };
		49FF43C31CB1B22500A16BA0 /* Pitch Perfect.app */ = {isa = PBXFileReference; explicitFileType = wrapper.application; includeInIndex = 0; path = "Pitch Perfect.app"; sourceTree = BUILT_PRODUCTS_DIR; };
		49FF43C61CB1B22500A16BA0 /* AppDelegate.swift */ = {isa = PBXFileReference; lastKnownFileType = sourcecode.swift; path = AppDelegate.swift; sourceTree = "<group>"; };
		49FF43C81CB1B22500A16BA0 /* RecordSoundsViewController.swift */ = {isa = PBXFileReference; lastKnownFileType = sourcecode.swift; path = RecordSoundsViewController.swift; sourceTree = "<group>"; };
		49FF43CB1CB1B22500A16BA0 /* Base */ = {isa = PBXFileReference; lastKnownFileType = file.storyboard; name = Base; path = Base.lproj/Main.storyboard; sourceTree = "<group>"; };
		49FF43CD1CB1B22500A16BA0 /* Assets.xcassets */ = {isa = PBXFileReference; lastKnownFileType = folder.assetcatalog; path = Assets.xcassets; sourceTree = "<group>"; };
		49FF43D01CB1B22500A16BA0 /* Base */ = {isa = PBXFileReference; lastKnownFileType = file.storyboard; name = Base; path = Base.lproj/LaunchScreen.storyboard; sourceTree = "<group>"; };
		49FF43D21CB1B22500A16BA0 /* Info.plist */ = {isa = PBXFileReference; lastKnownFileType = text.plist.xml; path = Info.plist; sourceTree = "<group>"; };
		49FF43D71CB1B22500A16BA0 /* Pitch PerfectTests.xctest */ = {isa = PBXFileReference; explicitFileType = wrapper.cfbundle; includeInIndex = 0; path = "Pitch PerfectTests.xctest"; sourceTree = BUILT_PRODUCTS_DIR; };
		49FF43DB1CB1B22500A16BA0 /* Pitch_PerfectTests.swift */ = {isa = PBXFileReference; lastKnownFileType = sourcecode.swift; path = Pitch_PerfectTests.swift; sourceTree = "<group>"; };
		49FF43DD1CB1B22500A16BA0 /* Info.plist */ = {isa = PBXFileReference; lastKnownFileType = text.plist.xml; path = Info.plist; sourceTree = "<group>"; };
		49FF43E21CB1B22500A16BA0 /* Pitch PerfectUITests.xctest */ = {isa = PBXFileReference; explicitFileType = wrapper.cfbundle; includeInIndex = 0; path = "Pitch PerfectUITests.xctest"; sourceTree = BUILT_PRODUCTS_DIR; };
		49FF43E61CB1B22500A16BA0 /* Pitch_PerfectUITests.swift */ = {isa = PBXFileReference; lastKnownFileType = sourcecode.swift; path = Pitch_PerfectUITests.swift; sourceTree = "<group>"; };
		49FF43E81CB1B22500A16BA0 /* Info.plist */ = {isa = PBXFileReference; lastKnownFileType = text.plist.xml; path = Info.plist; sourceTree = "<group>"; };
/* End PBXFileReference section */

/* Begin PBXFrameworksBuildPhase section */
		49FF43C01CB1B22500A16BA0 /* Frameworks */ = {
			isa = PBXFrameworksBuildPhase;
			buildActionMask = 2147483647;
			files = (
			);
			runOnlyForDeploymentPostprocessing = 0;
		};
		49FF43D41CB1B22500A16BA0 /* Frameworks */ = {
			isa = PBXFrameworksBuildPhase;
			buildActionMask = 2147483647;
			files = (
			);
			runOnlyForDeploymentPostprocessing = 0;
		};
		49FF43DF1CB1B22500A16BA0 /* Frameworks */ = {
			isa = PBXFrameworksBuildPhase;
			buildActionMask = 2147483647;
			files = (
			);
			runOnlyForDeploymentPostprocessing = 0;
		};
/* End PBXFrameworksBuildPhase section */

/* Begin PBXGroup section */
		49FF43BA1CB1B22500A16BA0 = {
			isa = PBXGroup;
			children = (
				49FF43C51CB1B22500A16BA0 /* Pitch Perfect */,
				49FF43DA1CB1B22500A16BA0 /* Pitch PerfectTests */,
				49FF43E51CB1B22500A16BA0 /* Pitch PerfectUITests */,
				49FF43C41CB1B22500A16BA0 /* Products */,
			);
			sourceTree = "<group>";
		};
		49FF43C41CB1B22500A16BA0 /* Products */ = {
			isa = PBXGroup;
			children = (
				49FF43C31CB1B22500A16BA0 /* Pitch Perfect.app */,
				49FF43D71CB1B22500A16BA0 /* Pitch PerfectTests.xctest */,
				49FF43E21CB1B22500A16BA0 /* Pitch PerfectUITests.xctest */,
			);
			name = Products;
			sourceTree = "<group>";
		};
		49FF43C51CB1B22500A16BA0 /* Pitch Perfect */ = {
			isa = PBXGroup;
			children = (
				49FF43C61CB1B22500A16BA0 /* AppDelegate.swift */,
				4938C1051CCFF4960083870E /* PlaySoundsViewController+Audio.swift */,
				49FF43C81CB1B22500A16BA0 /* RecordSoundsViewController.swift */,
				49FF43CA1CB1B22500A16BA0 /* Main.storyboard */,
				4905B8C91CC2CC31006E5633 /* PlaySoundsViewController.swift */,
				49FF43CD1CB1B22500A16BA0 /* Assets.xcassets */,
				49FF43CF1CB1B22500A16BA0 /* LaunchScreen.storyboard */,
				49FF43D21CB1B22500A16BA0 /* Info.plist */,
			);
			path = "Pitch Perfect";
			sourceTree = "<group>";
		};
		49FF43DA1CB1B22500A16BA0 /* Pitch PerfectTests */ = {
			isa = PBXGroup;
			children = (
				49FF43DB1CB1B22500A16BA0 /* Pitch_PerfectTests.swift */,
				49FF43DD1CB1B22500A16BA0 /* Info.plist */,
			);
			path = "Pitch PerfectTests";
			sourceTree = "<group>";
		};
		49FF43E51CB1B22500A16BA0 /* Pitch PerfectUITests */ = {
			isa = PBXGroup;
			children = (
				49FF43E61CB1B22500A16BA0 /* Pitch_PerfectUITests.swift */,
				49FF43E81CB1B22500A16BA0 /* Info.plist */,
			);
			path = "Pitch PerfectUITests";
			sourceTree = "<group>";
		};
/* End PBXGroup section */

/* Begin PBXNativeTarget section */
		49FF43C21CB1B22500A16BA0 /* Pitch Perfect */ = {
			isa = PBXNativeTarget;
			buildConfigurationList = 49FF43EB1CB1B22500A16BA0 /* Build configuration list for PBXNativeTarget "Pitch Perfect" */;
			buildPhases = (
				49FF43BF1CB1B22500A16BA0 /* Sources */,
				49FF43C01CB1B22500A16BA0 /* Frameworks */,
				49FF43C11CB1B22500A16BA0 /* Resources */,
			);
			buildRules = (
			);
			dependencies = (
			);
			name = "Pitch Perfect";
			productName = "Pitch Perfect";
			productReference = 49FF43C31CB1B22500A16BA0 /* Pitch Perfect.app */;
			productType = "com.apple.product-type.application";
		};
		49FF43D61CB1B22500A16BA0 /* Pitch PerfectTests */ = {
			isa = PBXNativeTarget;
			buildConfigurationList = 49FF43EE1CB1B22500A16BA0 /* Build configuration list for PBXNativeTarget "Pitch PerfectTests" */;
			buildPhases = (
				49FF43D31CB1B22500A16BA0 /* Sources */,
				49FF43D41CB1B22500A16BA0 /* Frameworks */,
				49FF43D51CB1B22500A16BA0 /* Resources */,
			);
			buildRules = (
			);
			dependencies = (
				49FF43D91CB1B22500A16BA0 /* PBXTargetDependency */,
			);
			name = "Pitch PerfectTests";
			productName = "Pitch PerfectTests";
			productReference = 49FF43D71CB1B22500A16BA0 /* Pitch PerfectTests.xctest */;
			productType = "com.apple.product-type.bundle.unit-test";
		};
		49FF43E11CB1B22500A16BA0 /* Pitch PerfectUITests */ = {
			isa = PBXNativeTarget;
			buildConfigurationList = 49FF43F11CB1B22500A16BA0 /* Build configuration list for PBXNativeTarget "Pitch PerfectUITests" */;
			buildPhases = (
				49FF43DE1CB1B22500A16BA0 /* Sources */,
				49FF43DF1CB1B22500A16BA0 /* Frameworks */,
				49FF43E01CB1B22500A16BA0 /* Resources */,
			);
			buildRules = (
			);
			dependencies = (
				49FF43E41CB1B22500A16BA0 /* PBXTargetDependency */,
			);
			name = "Pitch PerfectUITests";
			productName = "Pitch PerfectUITests";
			productReference = 49FF43E21CB1B22500A16BA0 /* Pitch PerfectUITests.xctest */;
			productType = "com.apple.product-type.bundle.ui-testing";
		};
/* End PBXNativeTarget section */

/* Begin PBXProject section */
		49FF43BB1CB1B22500A16BA0 /* Project object */ = {
			isa = PBXProject;
			attributes = {
				LastSwiftUpdateCheck = 0710;
				LastUpgradeCheck = 0710;
				ORGANIZATIONNAME = "Ruidong Dai";
				TargetAttributes = {
					49FF43C21CB1B22500A16BA0 = {
						CreatedOnToolsVersion = 7.1.1;
						DevelopmentTeam = LFJLW3ZKHN;
					};
					49FF43D61CB1B22500A16BA0 = {
						CreatedOnToolsVersion = 7.1.1;
						TestTargetID = 49FF43C21CB1B22500A16BA0;
					};
					49FF43E11CB1B22500A16BA0 = {
						CreatedOnToolsVersion = 7.1.1;
						TestTargetID = 49FF43C21CB1B22500A16BA0;
					};
				};
			};
			buildConfigurationList = 49FF43BE1CB1B22500A16BA0 /* Build configuration list for PBXProject "Pitch Perfect" */;
			compatibilityVersion = "Xcode 3.2";
			developmentRegion = English;
			hasScannedForEncodings = 0;
			knownRegions = (
				en,
				Base,
			);
			mainGroup = 49FF43BA1CB1B22500A16BA0;
			productRefGroup = 49FF43C41CB1B22500A16BA0 /* Products */;
			projectDirPath = "";
			projectRoot = "";
			targets = (
				49FF43C21CB1B22500A16BA0 /* Pitch Perfect */,
				49FF43D61CB1B22500A16BA0 /* Pitch PerfectTests */,
				49FF43E11CB1B22500A16BA0 /* Pitch PerfectUITests */,
			);
		};
/* End PBXProject section */

/* Begin PBXResourcesBuildPhase section */
		49FF43C11CB1B22500A16BA0 /* Resources */ = {
			isa = PBXResourcesBuildPhase;
			buildActionMask = 2147483647;
			files = (
				49FF43D11CB1B22500A16BA0 /* LaunchScreen.storyboard in Resources */,
				49FF43CE1CB1B22500A16BA0 /* Assets.xcassets in Resources */,
				49FF43CC1CB1B22500A16BA0 /* Main.storyboard in Resources */,
			);
			runOnlyForDeploymentPostprocessing = 0;
		};
		49FF43D51CB1B22500A16BA0 /* Resources */ = {
			isa = PBXResourcesBuildPhase;
			buildActionMask = 2147483647;
			files = (
			);
			runOnlyForDeploymentPostprocessing = 0;
		};
		49FF43E01CB1B22500A16BA0 /* Resources */ = {
			isa = PBXResourcesBuildPhase;
			buildActionMask = 2147483647;
			files = (
			);
			runOnlyForDeploymentPostprocessing = 0;
		};
/* End PBXResourcesBuildPhase section */

/* Begin PBXSourcesBuildPhase section */
		49FF43BF1CB1B22500A16BA0 /* Sources */ = {
			isa = PBXSourcesBuildPhase;
			buildActionMask = 2147483647;
			files = (
				49FF43C91CB1B22500A16BA0 /* RecordSoundsViewController.swift in Sources */,
				4938C1061CCFF4960083870E /* PlaySoundsViewController+Audio.swift in Sources */,
				4905B8CA1CC2CC31006E5633 /* PlaySoundsViewController.swift in Sources */,
				49FF43C71CB1B22500A16BA0 /* AppDelegate.swift in Sources */,
			);
			runOnlyForDeploymentPostprocessing = 0;
		};
		49FF43D31CB1B22500A16BA0 /* Sources */ = {
			isa = PBXSourcesBuildPhase;
			buildActionMask = 2147483647;
			files = (
				49FF43DC1CB1B22500A16BA0 /* Pitch_PerfectTests.swift in Sources */,
			);
			runOnlyForDeploymentPostprocessing = 0;
		};
		49FF43DE1CB1B22500A16BA0 /* Sources */ = {
			isa = PBXSourcesBuildPhase;
			buildActionMask = 2147483647;
			files = (
				49FF43E71CB1B22500A16BA0 /* Pitch_PerfectUITests.swift in Sources */,
			);
			runOnlyForDeploymentPostprocessing = 0;
		};
/* End PBXSourcesBuildPhase section */

/* Begin PBXTargetDependency section */
		49FF43D91CB1B22500A16BA0 /* PBXTargetDependency */ = {
			isa = PBXTargetDependency;
			target = 49FF43C21CB1B22500A16BA0 /* Pitch Perfect */;
			targetProxy = 49FF43D81CB1B22500A16BA0 /* PBXContainerItemProxy */;
		};
		49FF43E41CB1B22500A16BA0 /* PBXTargetDependency */ = {
			isa = PBXTargetDependency;
			target = 49FF43C21CB1B22500A16BA0 /* Pitch Perfect */;
			targetProxy = 49FF43E31CB1B22500A16BA0 /* PBXContainerItemProxy */;
		};
/* End PBXTargetDependency section */

/* Begin PBXVariantGroup section */
		49FF43CA1CB1B22500A16BA0 /* Main.storyboard */ = {
			isa = PBXVariantGroup;
			children = (
				49FF43CB1CB1B22500A16BA0 /* Base */,
			);
			name = Main.storyboard;
			sourceTree = "<group>";
		};
		49FF43CF1CB1B22500A16BA0 /* LaunchScreen.storyboard */ = {
			isa = PBXVariantGroup;
			children = (
				49FF43D01CB1B22500A16BA0 /* Base */,
			);
			name = LaunchScreen.storyboard;
			sourceTree = "<group>";
		};
/* End PBXVariantGroup section */

/* Begin XCBuildConfiguration section */
		49FF43E91CB1B22500A16BA0 /* Debug */ = {
			isa = XCBuildConfiguration;
			buildSettings = {
				ALWAYS_SEARCH_USER_PATHS = NO;
				CLANG_CXX_LANGUAGE_STANDARD = "gnu++0x";
				CLANG_CXX_LIBRARY = "libc++";
				CLANG_ENABLE_MODULES = YES;
				CLANG_ENABLE_OBJC_ARC = YES;
				CLANG_WARN_BOOL_CONVERSION = YES;
				CLANG_WARN_CONSTANT_CONVERSION = YES;
				CLANG_WARN_DIRECT_OBJC_ISA_USAGE = YES_ERROR;
				CLANG_WARN_EMPTY_BODY = YES;
				CLANG_WARN_ENUM_CONVERSION = YES;
				CLANG_WARN_INT_CONVERSION = YES;
				CLANG_WARN_OBJC_ROOT_CLASS = YES_ERROR;
				CLANG_WARN_UNREACHABLE_CODE = YES;
				CLANG_WARN__DUPLICATE_METHOD_MATCH = YES;
				"CODE_SIGN_IDENTITY[sdk=iphoneos*]" = "iPhone Developer";
				COPY_PHASE_STRIP = NO;
				DEBUG_INFORMATION_FORMAT = dwarf;
				ENABLE_STRICT_OBJC_MSGSEND = YES;
				ENABLE_TESTABILITY = YES;
				GCC_C_LANGUAGE_STANDARD = gnu99;
				GCC_DYNAMIC_NO_PIC = NO;
				GCC_NO_COMMON_BLOCKS = YES;
				GCC_OPTIMIZATION_LEVEL = 0;
				GCC_PREPROCESSOR_DEFINITIONS = (
					"DEBUG=1",
					"$(inherited)",
				);
				GCC_WARN_64_TO_32_BIT_CONVERSION = YES;
				GCC_WARN_ABOUT_RETURN_TYPE = YES_ERROR;
				GCC_WARN_UNDECLARED_SELECTOR = YES;
				GCC_WARN_UNINITIALIZED_AUTOS = YES_AGGRESSIVE;
				GCC_WARN_UNUSED_FUNCTION = YES;
				GCC_WARN_UNUSED_VARIABLE = YES;
				IPHONEOS_DEPLOYMENT_TARGET = 9.1;
				MTL_ENABLE_DEBUG_INFO = YES;
				ONLY_ACTIVE_ARCH = YES;
				SDKROOT = iphoneos;
				SWIFT_OPTIMIZATION_LEVEL = "-Onone";
			};
			name = Debug;
		};
		49FF43EA1CB1B22500A16BA0 /* Release */ = {
			isa = XCBuildConfiguration;
			buildSettings = {
				ALWAYS_SEARCH_USER_PATHS = NO;
				CLANG_CXX_LANGUAGE_STANDARD = "gnu++0x";
				CLANG_CXX_LIBRARY = "libc++";
				CLANG_ENABLE_MODULES = YES;
				CLANG_ENABLE_OBJC_ARC = YES;
				CLANG_WARN_BOOL_CONVERSION = YES;
				CLANG_WARN_CONSTANT_CONVERSION = YES;
				CLANG_WARN_DIRECT_OBJC_ISA_USAGE = YES_ERROR;
				CLANG_WARN_EMPTY_BODY = YES;
				CLANG_WARN_ENUM_CONVERSION = YES;
				CLANG_WARN_INT_CONVERSION = YES;
				CLANG_WARN_OBJC_ROOT_CLASS = YES_ERROR;
				CLANG_WARN_UNREACHABLE_CODE = YES;
				CLANG_WARN__DUPLICATE_METHOD_MATCH = YES;
				"CODE_SIGN_IDENTITY[sdk=iphoneos*]" = "iPhone Developer";
				COPY_PHASE_STRIP = NO;
				DEBUG_INFORMATION_FORMAT = "dwarf-with-dsym";
				ENABLE_NS_ASSERTIONS = NO;
				ENABLE_STRICT_OBJC_MSGSEND = YES;
				GCC_C_LANGUAGE_STANDARD = gnu99;
				GCC_NO_COMMON_BLOCKS = YES;
				GCC_WARN_64_TO_32_BIT_CONVERSION = YES;
				GCC_WARN_ABOUT_RETURN_TYPE = YES_ERROR;
				GCC_WARN_UNDECLARED_SELECTOR = YES;
				GCC_WARN_UNINITIALIZED_AUTOS = YES_AGGRESSIVE;
				GCC_WARN_UNUSED_FUNCTION = YES;
				GCC_WARN_UNUSED_VARIABLE = YES;
				IPHONEOS_DEPLOYMENT_TARGET = 9.1;
				MTL_ENABLE_DEBUG_INFO = NO;
				SDKROOT = iphoneos;
				VALIDATE_PRODUCT = YES;
			};
			name = Release;
		};
		49FF43EC1CB1B22500A16BA0 /* Debug */ = {
			isa = XCBuildConfiguration;
			buildSettings = {
				ASSETCATALOG_COMPILER_APPICON_NAME = AppIcon;
				CODE_SIGN_IDENTITY = "iPhone Developer";
				"CODE_SIGN_IDENTITY[sdk=iphoneos*]" = "iPhone Developer";
				INFOPLIST_FILE = "Pitch Perfect/Info.plist";
				LD_RUNPATH_SEARCH_PATHS = "$(inherited) @executable_path/Frameworks";
				PRODUCT_BUNDLE_IDENTIFIER = "com.yans.Pitch-Perfect";
				PRODUCT_NAME = "$(TARGET_NAME)";
				PROVISIONING_PROFILE = "";
			};
			name = Debug;
		};
		49FF43ED1CB1B22500A16BA0 /* Release */ = {
			isa = XCBuildConfiguration;
			buildSettings = {
				ASSETCATALOG_COMPILER_APPICON_NAME = AppIcon;
				CODE_SIGN_IDENTITY = "iPhone Developer";
				"CODE_SIGN_IDENTITY[sdk=iphoneos*]" = "iPhone Developer";
				INFOPLIST_FILE = "Pitch Perfect/Info.plist";
				LD_RUNPATH_SEARCH_PATHS = "$(inherited) @executable_path/Frameworks";
				PRODUCT_BUNDLE_IDENTIFIER = "com.yans.Pitch-Perfect";
				PRODUCT_NAME = "$(TARGET_NAME)";
				PROVISIONING_PROFILE = "";
			};
			name = Release;
		};
		49FF43EF1CB1B22500A16BA0 /* Debug */ = {
			isa = XCBuildConfiguration;
			buildSettings = {
				BUNDLE_LOADER = "$(TEST_HOST)";
				INFOPLIST_FILE = "Pitch PerfectTests/Info.plist";
				LD_RUNPATH_SEARCH_PATHS = "$(inherited) @executable_path/Frameworks @loader_path/Frameworks";
				PRODUCT_BUNDLE_IDENTIFIER = "com.yans.Pitch-PerfectTests";
				PRODUCT_NAME = "$(TARGET_NAME)";
				TEST_HOST = "$(BUILT_PRODUCTS_DIR)/Pitch Perfect.app/Pitch Perfect";
			};
			name = Debug;
		};
		49FF43F01CB1B22500A16BA0 /* Release */ = {
			isa = XCBuildConfiguration;
			buildSettings = {
				BUNDLE_LOADER = "$(TEST_HOST)";
				INFOPLIST_FILE = "Pitch PerfectTests/Info.plist";
				LD_RUNPATH_SEARCH_PATHS = "$(inherited) @executable_path/Frameworks @loader_path/Frameworks";
				PRODUCT_BUNDLE_IDENTIFIER = "com.yans.Pitch-PerfectTests";
				PRODUCT_NAME = "$(TARGET_NAME)";
				TEST_HOST = "$(BUILT_PRODUCTS_DIR)/Pitch Perfect.app/Pitch Perfect";
			};
			name = Release;
		};
		49FF43F21CB1B22500A16BA0 /* Debug */ = {
			isa = XCBuildConfiguration;
			buildSettings = {
				INFOPLIST_FILE = "Pitch PerfectUITests/Info.plist";
				LD_RUNPATH_SEARCH_PATHS = "$(inherited) @executable_path/Frameworks @loader_path/Frameworks";
				PRODUCT_BUNDLE_IDENTIFIER = "com.yans.Pitch-PerfectUITests";
				PRODUCT_NAME = "$(TARGET_NAME)";
				TEST_TARGET_NAME = "Pitch Perfect";
				USES_XCTRUNNER = YES;
			};
			name = Debug;
		};
		49FF43F31CB1B22500A16BA0 /* Release */ = {
			isa = XCBuildConfiguration;
			buildSettings = {
				INFOPLIST_FILE = "Pitch PerfectUITests/Info.plist";
				LD_RUNPATH_SEARCH_PATHS = "$(inherited) @executable_path/Frameworks @loader_path/Frameworks";
				PRODUCT_BUNDLE_IDENTIFIER = "com.yans.Pitch-PerfectUITests";
				PRODUCT_NAME = "$(TARGET_NAME)";
				TEST_TARGET_NAME = "Pitch Perfect";
				USES_XCTRUNNER = YES;
			};
			name = Release;
		};
/* End XCBuildConfiguration section */

/* Begin XCConfigurationList section */
		49FF43BE1CB1B22500A16BA0 /* Build configuration list for PBXProject "Pitch Perfect" */ = {
			isa = XCConfigurationList;
			buildConfigurations = (
				49FF43E91CB1B22500A16BA0 /* Debug */,
				49FF43EA1CB1B22500A16BA0 /* Release */,
			);
			defaultConfigurationIsVisible = 0;
			defaultConfigurationName = Release;
		};
		49FF43EB1CB1B22500A16BA0 /* Build configuration list for PBXNativeTarget "Pitch Perfect" */ = {
			isa = XCConfigurationList;
			buildConfigurations = (
				49FF43EC1CB1B22500A16BA0 /* Debug */,
				49FF43ED1CB1B22500A16BA0 /* Release */,
			);
			defaultConfigurationIsVisible = 0;
			defaultConfigurationName = Release;
		};
		49FF43EE1CB1B22500A16BA0 /* Build configuration list for PBXNativeTarget "Pitch PerfectTests" */ = {
			isa = XCConfigurationList;
			buildConfigurations = (
				49FF43EF1CB1B22500A16BA0 /* Debug */,
				49FF43F01CB1B22500A16BA0 /* Release */,
			);
			defaultConfigurationIsVisible = 0;
			defaultConfigurationName = Release;
		};
		49FF43F11CB1B22500A16BA0 /* Build configuration list for PBXNativeTarget "Pitch PerfectUITests" */ = {
			isa = XCConfigurationList;
			buildConfigurations = (
				49FF43F21CB1B22500A16BA0 /* Debug */,
				49FF43F31CB1B22500A16BA0 /* Release */,
			);
			defaultConfigurationIsVisible = 0;
			defaultConfigurationName = Release;
		};
/* End XCConfigurationList section */
	};
	rootObject = 49FF43BB1CB1B22500A16BA0 /* Project object */;
}
